
Microsoft Visual Studio Solution File, Format Version 12.00
# Visual Studio Version 17
VisualStudioVersion = 17.5.002.0
MinimumVisualStudioVersion = 10.0.40219.1
Project("{9A19103F-16F7-4668-BE54-9A1E7A4F7556}") = "SerilogDockerIssue", "SerilogDockerIssue\SerilogDockerIssue.csproj", "{CFA74415-BA79-4902-A7A4-A65D1A8A36AF}"
EndProject
Global
	GlobalSection(SolutionConfigurationPlatforms) = preSolution
		Debug|Any CPU = Debug|Any CPU
		Release|Any CPU = Release|Any CPU
	EndGlobalSection
	GlobalSection(ProjectConfigurationPlatforms) = postSolution
		{CFA74415-BA79-4902-A7A4-A65D1A8A36AF}.Debug|Any CPU.ActiveCfg = Debug|Any CPU
		{CFA74415-BA79-4902-A7A4-A65D1A8A36AF}.Debug|Any CPU.Build.0 = Debug|Any CPU
		{CFA74415-BA79-4902-A7A4-A65D1A8A36AF}.Release|Any CPU.ActiveCfg = Release|Any CPU
		{CFA74415-BA79-4902-A7A4-A65D1A8A36AF}.Release|Any CPU.Build.0 = Release|Any CPU
	EndGlobalSection
	GlobalSection(SolutionProperties) = preSolution
		HideSolutionNode = FALSE
	EndGlobalSection
	GlobalSection(ExtensibilityGlobals) = postSolution
		SolutionGuid = {C2A4C13A-F231-4E1F-89A2-E72E89EB9277}
	EndGlobalSection
EndGlobal
